
Microsoft Visual Studio Solution File, Format Version 12.00
# Visual Studio Version 16
VisualStudioVersion = 16.0.31005.135
MinimumVisualStudioVersion = 10.0.40219.1
Project("{FAE04EC0-301F-11D3-BF4B-00C04F79EFBC}") = "DataLayer", "DataLayer\DataLayer.csproj", "{DD004592-7A99-4F81-AB45-D5555F7877FC}"
EndProject
Project("{FAE04EC0-301F-11D3-BF4B-00C04F79EFBC}") = "BussinessLayer", "BussinessLayer\BussinessLayer.csproj", "{CA3EA41B-FEEA-4A1C-B041-EBF7AA8D9E6E}"
EndProject
Project("{FAE04EC0-301F-11D3-BF4B-00C04F79EFBC}") = "Models", "Models\Models.csproj", "{A385D272-FBBE-4ADE-84B1-85D2113A958A}"
EndProject
Project("{FAE04EC0-301F-11D3-BF4B-00C04F79EFBC}") = "GUILayer", "GUILayer\GUILayer.csproj", "{ECAC8CC3-6D29-43B2-AD9F-036BA2906740}"
EndProject
Global
	GlobalSection(SolutionConfigurationPlatforms) = preSolution
		Debug|Any CPU = Debug|Any CPU
		Release|Any CPU = Release|Any CPU
	EndGlobalSection
	GlobalSection(ProjectConfigurationPlatforms) = postSolution
		{DD004592-7A99-4F81-AB45-D5555F7877FC}.Debug|Any CPU.ActiveCfg = Debug|Any CPU
		{DD004592-7A99-4F81-AB45-D5555F7877FC}.Debug|Any CPU.Build.0 = Debug|Any CPU
		{DD004592-7A99-4F81-AB45-D5555F7877FC}.Release|Any CPU.ActiveCfg = Release|Any CPU
		{DD004592-7A99-4F81-AB45-D5555F7877FC}.Release|Any CPU.Build.0 = Release|Any CPU
		{CA3EA41B-FEEA-4A1C-B041-EBF7AA8D9E6E}.Debug|Any CPU.ActiveCfg = Debug|Any CPU
		{CA3EA41B-FEEA-4A1C-B041-EBF7AA8D9E6E}.Debug|Any CPU.Build.0 = Debug|Any CPU
		{CA3EA41B-FEEA-4A1C-B041-EBF7AA8D9E6E}.Release|Any CPU.ActiveCfg = Release|Any CPU
		{CA3EA41B-FEEA-4A1C-B041-EBF7AA8D9E6E}.Release|Any CPU.Build.0 = Release|Any CPU
		{A385D272-FBBE-4ADE-84B1-85D2113A958A}.Debug|Any CPU.ActiveCfg = Debug|Any CPU
		{A385D272-FBBE-4ADE-84B1-85D2113A958A}.Debug|Any CPU.Build.0 = Debug|Any CPU
		{A385D272-FBBE-4ADE-84B1-85D2113A958A}.Release|Any CPU.ActiveCfg = Release|Any CPU
		{A385D272-FBBE-4ADE-84B1-85D2113A958A}.Release|Any CPU.Build.0 = Release|Any CPU
		{ECAC8CC3-6D29-43B2-AD9F-036BA2906740}.Debug|Any CPU.ActiveCfg = Debug|Any CPU
		{ECAC8CC3-6D29-43B2-AD9F-036BA2906740}.Debug|Any CPU.Build.0 = Debug|Any CPU
		{ECAC8CC3-6D29-43B2-AD9F-036BA2906740}.Release|Any CPU.ActiveCfg = Release|Any CPU
		{ECAC8CC3-6D29-43B2-AD9F-036BA2906740}.Release|Any CPU.Build.0 = Release|Any CPU
	EndGlobalSection
	GlobalSection(SolutionProperties) = preSolution
		HideSolutionNode = FALSE
	EndGlobalSection
	GlobalSection(ExtensibilityGlobals) = postSolution
		SolutionGuid = {6C28ED28-ED6D-47C8-AE33-AA9C08CE855E}
	EndGlobalSection
EndGlobal
